// !$*UTF8*$!
{
	archiveVersion = 1;
	classes = {
	};
	objectVersion = 77;
	objects = {

/* Begin PBXBuildFile section */
		B80AF0BB2DCE774D0067620C /* WeatherRepository.swift in Sources */ = {isa = PBXBuildFile; fileRef = B80AF0BA2DCE77440067620C /* WeatherRepository.swift */; };
		B80AF0BC2DCE77F10067620C /* NetworkingHelpers.swift in Sources */ = {isa = PBXBuildFile; fileRef = B87E86292DCE4C4500A9AA53 /* NetworkingHelpers.swift */; };
		B80AF0BF2DCE7AB30067620C /* WeatherUseCase.swift in Sources */ = {isa = PBXBuildFile; fileRef = B80AF0BE2DCE7AAE0067620C /* WeatherUseCase.swift */; };
		B87E85F42DCE45AC00A9AA53 /* Preview Assets.xcassets in Resources */ = {isa = PBXBuildFile; fileRef = B87E85EE2DCE45AC00A9AA53 /* Preview Assets.xcassets */; };
		B87E85F52DCE45AC00A9AA53 /* Assets.xcassets in Resources */ = {isa = PBXBuildFile; fileRef = B87E85F02DCE45AC00A9AA53 /* Assets.xcassets */; };
		B87E85F72DCE45AC00A9AA53 /* MyWeatherApp.swift in Sources */ = {isa = PBXBuildFile; fileRef = B87E85F22DCE45AC00A9AA53 /* MyWeatherApp.swift */; };
		B87E85FA2DCE462000A9AA53 /* HourlyDTO.swift in Sources */ = {isa = PBXBuildFile; fileRef = B87E85F92DCE461A00A9AA53 /* HourlyDTO.swift */; };
		B87E85FC2DCE479D00A9AA53 /* WeatherDTO.swift in Sources */ = {isa = PBXBuildFile; fileRef = B87E85FB2DCE479600A9AA53 /* WeatherDTO.swift */; };
		B87E85FE2DCE47D500A9AA53 /* AstronomyDTO.swift in Sources */ = {isa = PBXBuildFile; fileRef = B87E85FD2DCE47D000A9AA53 /* AstronomyDTO.swift */; };
		B87E86002DCE48AD00A9AA53 /* RequestDTO.swift in Sources */ = {isa = PBXBuildFile; fileRef = B87E85FF2DCE48AD00A9AA53 /* RequestDTO.swift */; };
		B87E86022DCE48CB00A9AA53 /* NearestAreaDTO.swift in Sources */ = {isa = PBXBuildFile; fileRef = B87E86012DCE48CB00A9AA53 /* NearestAreaDTO.swift */; };
		B87E86042DCE493300A9AA53 /* CurrentConditionDTO.swift in Sources */ = {isa = PBXBuildFile; fileRef = B87E86032DCE493300A9AA53 /* CurrentConditionDTO.swift */; };
		B87E86062DCE49A500A9AA53 /* RootDTO.swift in Sources */ = {isa = PBXBuildFile; fileRef = B87E86052DCE49A500A9AA53 /* RootDTO.swift */; };
		B87E86212DCE4B9200A9AA53 /* WebRepository.swift in Sources */ = {isa = PBXBuildFile; fileRef = B87E86202DCE4B9200A9AA53 /* WebRepository.swift */; };
		B87E86262DCE4BF600A9AA53 /* APICall.swift in Sources */ = {isa = PBXBuildFile; fileRef = B87E86252DCE4BF600A9AA53 /* APICall.swift */; };
		B87E86282DCE4C0B00A9AA53 /* Error.swift in Sources */ = {isa = PBXBuildFile; fileRef = B87E86272DCE4C0B00A9AA53 /* Error.swift */; };
		B8E9F44C2DCF9315006F87B4 /* HomeView.swift in Sources */ = {isa = PBXBuildFile; fileRef = B8E9F44B2DCF9313006F87B4 /* HomeView.swift */; };
		B8E9F44F2DCF9762006F87B4 /* LocationManager.swift in Sources */ = {isa = PBXBuildFile; fileRef = B8E9F44E2DCF975E006F87B4 /* LocationManager.swift */; };
/* End PBXBuildFile section */

/* Begin PBXFileReference section */
		B80AF0BA2DCE77440067620C /* WeatherRepository.swift */ = {isa = PBXFileReference; lastKnownFileType = sourcecode.swift; path = WeatherRepository.swift; sourceTree = "<group>"; };
		B80AF0BE2DCE7AAE0067620C /* WeatherUseCase.swift */ = {isa = PBXFileReference; lastKnownFileType = sourcecode.swift; path = WeatherUseCase.swift; sourceTree = "<group>"; };
		B87E85DD2DCE41BA00A9AA53 /* MyWeather.app */ = {isa = PBXFileReference; explicitFileType = wrapper.application; includeInIndex = 0; path = MyWeather.app; sourceTree = BUILT_PRODUCTS_DIR; };
		B87E85EE2DCE45AC00A9AA53 /* Preview Assets.xcassets */ = {isa = PBXFileReference; lastKnownFileType = folder.assetcatalog; path = "Preview Assets.xcassets"; sourceTree = "<group>"; };
		B87E85F02DCE45AC00A9AA53 /* Assets.xcassets */ = {isa = PBXFileReference; lastKnownFileType = folder.assetcatalog; path = Assets.xcassets; sourceTree = "<group>"; };
		B87E85F22DCE45AC00A9AA53 /* MyWeatherApp.swift */ = {isa = PBXFileReference; lastKnownFileType = sourcecode.swift; path = MyWeatherApp.swift; sourceTree = "<group>"; };
		B87E85F92DCE461A00A9AA53 /* HourlyDTO.swift */ = {isa = PBXFileReference; lastKnownFileType = sourcecode.swift; path = HourlyDTO.swift; sourceTree = "<group>"; };
		B87E85FB2DCE479600A9AA53 /* WeatherDTO.swift */ = {isa = PBXFileReference; lastKnownFileType = sourcecode.swift; path = WeatherDTO.swift; sourceTree = "<group>"; };
		B87E85FD2DCE47D000A9AA53 /* AstronomyDTO.swift */ = {isa = PBXFileReference; lastKnownFileType = sourcecode.swift; path = AstronomyDTO.swift; sourceTree = "<group>"; };
		B87E85FF2DCE48AD00A9AA53 /* RequestDTO.swift */ = {isa = PBXFileReference; lastKnownFileType = sourcecode.swift; path = RequestDTO.swift; sourceTree = "<group>"; };
		B87E86012DCE48CB00A9AA53 /* NearestAreaDTO.swift */ = {isa = PBXFileReference; lastKnownFileType = sourcecode.swift; path = NearestAreaDTO.swift; sourceTree = "<group>"; };
		B87E86032DCE493300A9AA53 /* CurrentConditionDTO.swift */ = {isa = PBXFileReference; lastKnownFileType = sourcecode.swift; path = CurrentConditionDTO.swift; sourceTree = "<group>"; };
		B87E86052DCE49A500A9AA53 /* RootDTO.swift */ = {isa = PBXFileReference; lastKnownFileType = sourcecode.swift; path = RootDTO.swift; sourceTree = "<group>"; };
		B87E86202DCE4B9200A9AA53 /* WebRepository.swift */ = {isa = PBXFileReference; lastKnownFileType = sourcecode.swift; path = WebRepository.swift; sourceTree = "<group>"; };
		B87E86252DCE4BF600A9AA53 /* APICall.swift */ = {isa = PBXFileReference; lastKnownFileType = sourcecode.swift; path = APICall.swift; sourceTree = "<group>"; };
		B87E86272DCE4C0B00A9AA53 /* Error.swift */ = {isa = PBXFileReference; lastKnownFileType = sourcecode.swift; path = Error.swift; sourceTree = "<group>"; };
		B87E86292DCE4C4500A9AA53 /* NetworkingHelpers.swift */ = {isa = PBXFileReference; lastKnownFileType = sourcecode.swift; path = NetworkingHelpers.swift; sourceTree = "<group>"; };
		B8E9F44B2DCF9313006F87B4 /* HomeView.swift */ = {isa = PBXFileReference; lastKnownFileType = sourcecode.swift; path = HomeView.swift; sourceTree = "<group>"; };
		B8E9F44E2DCF975E006F87B4 /* LocationManager.swift */ = {isa = PBXFileReference; lastKnownFileType = sourcecode.swift; path = LocationManager.swift; sourceTree = "<group>"; };
/* End PBXFileReference section */

/* Begin PBXFrameworksBuildPhase section */
		B87E85DA2DCE41BA00A9AA53 /* Frameworks */ = {
			isa = PBXFrameworksBuildPhase;
			buildActionMask = 2147483647;
			files = (
			);
			runOnlyForDeploymentPostprocessing = 0;
		};
/* End PBXFrameworksBuildPhase section */

/* Begin PBXGroup section */
		B80AF0BD2DCE7AA70067620C /* UseCases */ = {
			isa = PBXGroup;
			children = (
				B80AF0BE2DCE7AAE0067620C /* WeatherUseCase.swift */,
			);
			path = UseCases;
			sourceTree = "<group>";
		};
		B87E85D42DCE41BA00A9AA53 = {
			isa = PBXGroup;
			children = (
				B87E85F32DCE45AC00A9AA53 /* MyWeather */,
				B87E85DE2DCE41BA00A9AA53 /* Products */,
			);
			sourceTree = "<group>";
		};
		B87E85DE2DCE41BA00A9AA53 /* Products */ = {
			isa = PBXGroup;
			children = (
				B87E85DD2DCE41BA00A9AA53 /* MyWeather.app */,
			);
			name = Products;
			sourceTree = "<group>";
		};
		B87E85EF2DCE45AC00A9AA53 /* Preview Content */ = {
			isa = PBXGroup;
			children = (
				B87E85EE2DCE45AC00A9AA53 /* Preview Assets.xcassets */,
			);
			path = "Preview Content";
			sourceTree = "<group>";
		};
		B87E85F32DCE45AC00A9AA53 /* MyWeather */ = {
			isa = PBXGroup;
			children = (
				B8E9F44D2DCF9757006F87B4 /* Managers */,
				B8E9F4482DCF92F3006F87B4 /* Views */,
				B80AF0BD2DCE7AA70067620C /* UseCases */,
				B87E86222DCE4BA800A9AA53 /* Utils */,
				B87E861F2DCE4B8C00A9AA53 /* Repositories */,
				B87E85F82DCE45B800A9AA53 /* DTOs */,
				B87E85EF2DCE45AC00A9AA53 /* Preview Content */,
				B87E85F02DCE45AC00A9AA53 /* Assets.xcassets */,
				B87E85F22DCE45AC00A9AA53 /* MyWeatherApp.swift */,
			);
			path = MyWeather;
			sourceTree = "<group>";
		};
		B87E85F82DCE45B800A9AA53 /* DTOs */ = {
			isa = PBXGroup;
			children = (
				B87E86052DCE49A500A9AA53 /* RootDTO.swift */,
				B87E86032DCE493300A9AA53 /* CurrentConditionDTO.swift */,
				B87E86012DCE48CB00A9AA53 /* NearestAreaDTO.swift */,
				B87E85FF2DCE48AD00A9AA53 /* RequestDTO.swift */,
				B87E85FD2DCE47D000A9AA53 /* AstronomyDTO.swift */,
				B87E85FB2DCE479600A9AA53 /* WeatherDTO.swift */,
				B87E85F92DCE461A00A9AA53 /* HourlyDTO.swift */,
			);
			path = DTOs;
			sourceTree = "<group>";
		};
		B87E861F2DCE4B8C00A9AA53 /* Repositories */ = {
			isa = PBXGroup;
			children = (
				B80AF0BA2DCE77440067620C /* WeatherRepository.swift */,
				B87E86202DCE4B9200A9AA53 /* WebRepository.swift */,
			);
			path = Repositories;
			sourceTree = "<group>";
		};
		B87E86222DCE4BA800A9AA53 /* Utils */ = {
			isa = PBXGroup;
			children = (
				B87E86292DCE4C4500A9AA53 /* NetworkingHelpers.swift */,
				B87E86272DCE4C0B00A9AA53 /* Error.swift */,
				B87E86252DCE4BF600A9AA53 /* APICall.swift */,
			);
			path = Utils;
			sourceTree = "<group>";
		};
		B8E9F4482DCF92F3006F87B4 /* Views */ = {
			isa = PBXGroup;
			children = (
				B8E9F44A2DCF930D006F87B4 /* Components */,
				B8E9F4492DCF92FF006F87B4 /* Screens */,
			);
			path = Views;
			sourceTree = "<group>";
		};
		B8E9F4492DCF92FF006F87B4 /* Screens */ = {
			isa = PBXGroup;
			children = (
				B8E9F44B2DCF9313006F87B4 /* HomeView.swift */,
			);
			path = Screens;
			sourceTree = "<group>";
		};
		B8E9F44A2DCF930D006F87B4 /* Components */ = {
			isa = PBXGroup;
			children = (
			);
			path = Components;
			sourceTree = "<group>";
		};
		B8E9F44D2DCF9757006F87B4 /* Managers */ = {
			isa = PBXGroup;
			children = (
				B8E9F44E2DCF975E006F87B4 /* LocationManager.swift */,
			);
			path = Managers;
			sourceTree = "<group>";
		};
/* End PBXGroup section */

/* Begin PBXNativeTarget section */
		B87E85DC2DCE41BA00A9AA53 /* MyWeather */ = {
			isa = PBXNativeTarget;
			buildConfigurationList = B87E85EB2DCE41BB00A9AA53 /* Build configuration list for PBXNativeTarget "MyWeather" */;
			buildPhases = (
				B87E85D92DCE41BA00A9AA53 /* Sources */,
				B87E85DA2DCE41BA00A9AA53 /* Frameworks */,
				B87E85DB2DCE41BA00A9AA53 /* Resources */,
			);
			buildRules = (
			);
			dependencies = (
			);
			name = MyWeather;
			packageProductDependencies = (
			);
			productName = MyWeather;
			productReference = B87E85DD2DCE41BA00A9AA53 /* MyWeather.app */;
			productType = "com.apple.product-type.application";
		};
/* End PBXNativeTarget section */

/* Begin PBXProject section */
		B87E85D52DCE41BA00A9AA53 /* Project object */ = {
			isa = PBXProject;
			attributes = {
				BuildIndependentTargetsInParallel = 1;
				LastSwiftUpdateCheck = 1620;
				LastUpgradeCheck = 1620;
				TargetAttributes = {
					B87E85DC2DCE41BA00A9AA53 = {
						CreatedOnToolsVersion = 16.2;
					};
				};
			};
			buildConfigurationList = B87E85D82DCE41BA00A9AA53 /* Build configuration list for PBXProject "MyWeather" */;
			developmentRegion = en;
			hasScannedForEncodings = 0;
			knownRegions = (
				en,
				Base,
			);
			mainGroup = B87E85D42DCE41BA00A9AA53;
			minimizedProjectReferenceProxies = 1;
			preferredProjectObjectVersion = 77;
			productRefGroup = B87E85DE2DCE41BA00A9AA53 /* Products */;
			projectDirPath = "";
			projectRoot = "";
			targets = (
				B87E85DC2DCE41BA00A9AA53 /* MyWeather */,
			);
		};
/* End PBXProject section */

/* Begin PBXResourcesBuildPhase section */
		B87E85DB2DCE41BA00A9AA53 /* Resources */ = {
			isa = PBXResourcesBuildPhase;
			buildActionMask = 2147483647;
			files = (
				B87E85F42DCE45AC00A9AA53 /* Preview Assets.xcassets in Resources */,
				B87E85F52DCE45AC00A9AA53 /* Assets.xcassets in Resources */,
			);
			runOnlyForDeploymentPostprocessing = 0;
		};
/* End PBXResourcesBuildPhase section */

/* Begin PBXSourcesBuildPhase section */
		B87E85D92DCE41BA00A9AA53 /* Sources */ = {
			isa = PBXSourcesBuildPhase;
			buildActionMask = 2147483647;
			files = (
				B80AF0BC2DCE77F10067620C /* NetworkingHelpers.swift in Sources */,
				B8E9F44F2DCF9762006F87B4 /* LocationManager.swift in Sources */,
				B80AF0BB2DCE774D0067620C /* WeatherRepository.swift in Sources */,
				B87E86062DCE49A500A9AA53 /* RootDTO.swift in Sources */,
				B87E86002DCE48AD00A9AA53 /* RequestDTO.swift in Sources */,
				B87E86262DCE4BF600A9AA53 /* APICall.swift in Sources */,
				B87E85FA2DCE462000A9AA53 /* HourlyDTO.swift in Sources */,
				B87E86282DCE4C0B00A9AA53 /* Error.swift in Sources */,
				B87E86042DCE493300A9AA53 /* CurrentConditionDTO.swift in Sources */,
				B87E85FE2DCE47D500A9AA53 /* AstronomyDTO.swift in Sources */,
				B87E86212DCE4B9200A9AA53 /* WebRepository.swift in Sources */,
				B87E85FC2DCE479D00A9AA53 /* WeatherDTO.swift in Sources */,
				B87E85F72DCE45AC00A9AA53 /* MyWeatherApp.swift in Sources */,
				B8E9F44C2DCF9315006F87B4 /* HomeView.swift in Sources */,
				B87E86022DCE48CB00A9AA53 /* NearestAreaDTO.swift in Sources */,
				B80AF0BF2DCE7AB30067620C /* WeatherUseCase.swift in Sources */,
			);
			runOnlyForDeploymentPostprocessing = 0;
		};
/* End PBXSourcesBuildPhase section */

/* Begin XCBuildConfiguration section */
		B87E85E92DCE41BB00A9AA53 /* Debug */ = {
			isa = XCBuildConfiguration;
			buildSettings = {
				ALWAYS_SEARCH_USER_PATHS = NO;
				ASSETCATALOG_COMPILER_GENERATE_SWIFT_ASSET_SYMBOL_EXTENSIONS = YES;
				CLANG_ANALYZER_NONNULL = YES;
				CLANG_ANALYZER_NUMBER_OBJECT_CONVERSION = YES_AGGRESSIVE;
				CLANG_CXX_LANGUAGE_STANDARD = "gnu++20";
				CLANG_ENABLE_MODULES = YES;
				CLANG_ENABLE_OBJC_ARC = YES;
				CLANG_ENABLE_OBJC_WEAK = YES;
				CLANG_WARN_BLOCK_CAPTURE_AUTORELEASING = YES;
				CLANG_WARN_BOOL_CONVERSION = YES;
				CLANG_WARN_COMMA = YES;
				CLANG_WARN_CONSTANT_CONVERSION = YES;
				CLANG_WARN_DEPRECATED_OBJC_IMPLEMENTATIONS = YES;
				CLANG_WARN_DIRECT_OBJC_ISA_USAGE = YES_ERROR;
				CLANG_WARN_DOCUMENTATION_COMMENTS = YES;
				CLANG_WARN_EMPTY_BODY = YES;
				CLANG_WARN_ENUM_CONVERSION = YES;
				CLANG_WARN_INFINITE_RECURSION = YES;
				CLANG_WARN_INT_CONVERSION = YES;
				CLANG_WARN_NON_LITERAL_NULL_CONVERSION = YES;
				CLANG_WARN_OBJC_IMPLICIT_RETAIN_SELF = YES;
				CLANG_WARN_OBJC_LITERAL_CONVERSION = YES;
				CLANG_WARN_OBJC_ROOT_CLASS = YES_ERROR;
				CLANG_WARN_QUOTED_INCLUDE_IN_FRAMEWORK_HEADER = YES;
				CLANG_WARN_RANGE_LOOP_ANALYSIS = YES;
				CLANG_WARN_STRICT_PROTOTYPES = YES;
				CLANG_WARN_SUSPICIOUS_MOVE = YES;
				CLANG_WARN_UNGUARDED_AVAILABILITY = YES_AGGRESSIVE;
				CLANG_WARN_UNREACHABLE_CODE = YES;
				CLANG_WARN__DUPLICATE_METHOD_MATCH = YES;
				COPY_PHASE_STRIP = NO;
				DEBUG_INFORMATION_FORMAT = dwarf;
				ENABLE_STRICT_OBJC_MSGSEND = YES;
				ENABLE_TESTABILITY = YES;
				ENABLE_USER_SCRIPT_SANDBOXING = YES;
				GCC_C_LANGUAGE_STANDARD = gnu17;
				GCC_DYNAMIC_NO_PIC = NO;
				GCC_NO_COMMON_BLOCKS = YES;
				GCC_OPTIMIZATION_LEVEL = 0;
				GCC_PREPROCESSOR_DEFINITIONS = (
					"DEBUG=1",
					"$(inherited)",
				);
				GCC_WARN_64_TO_32_BIT_CONVERSION = YES;
				GCC_WARN_ABOUT_RETURN_TYPE = YES_ERROR;
				GCC_WARN_UNDECLARED_SELECTOR = YES;
				GCC_WARN_UNINITIALIZED_AUTOS = YES_AGGRESSIVE;
				GCC_WARN_UNUSED_FUNCTION = YES;
				GCC_WARN_UNUSED_VARIABLE = YES;
				IPHONEOS_DEPLOYMENT_TARGET = 18.2;
				LOCALIZATION_PREFERS_STRING_CATALOGS = YES;
				MTL_ENABLE_DEBUG_INFO = INCLUDE_SOURCE;
				MTL_FAST_MATH = YES;
				ONLY_ACTIVE_ARCH = YES;
				SDKROOT = iphoneos;
				SWIFT_ACTIVE_COMPILATION_CONDITIONS = "DEBUG $(inherited)";
				SWIFT_OPTIMIZATION_LEVEL = "-Onone";
			};
			name = Debug;
		};
		B87E85EA2DCE41BB00A9AA53 /* Release */ = {
			isa = XCBuildConfiguration;
			buildSettings = {
				ALWAYS_SEARCH_USER_PATHS = NO;
				ASSETCATALOG_COMPILER_GENERATE_SWIFT_ASSET_SYMBOL_EXTENSIONS = YES;
				CLANG_ANALYZER_NONNULL = YES;
				CLANG_ANALYZER_NUMBER_OBJECT_CONVERSION = YES_AGGRESSIVE;
				CLANG_CXX_LANGUAGE_STANDARD = "gnu++20";
				CLANG_ENABLE_MODULES = YES;
				CLANG_ENABLE_OBJC_ARC = YES;
				CLANG_ENABLE_OBJC_WEAK = YES;
				CLANG_WARN_BLOCK_CAPTURE_AUTORELEASING = YES;
				CLANG_WARN_BOOL_CONVERSION = YES;
				CLANG_WARN_COMMA = YES;
				CLANG_WARN_CONSTANT_CONVERSION = YES;
				CLANG_WARN_DEPRECATED_OBJC_IMPLEMENTATIONS = YES;
				CLANG_WARN_DIRECT_OBJC_ISA_USAGE = YES_ERROR;
				CLANG_WARN_DOCUMENTATION_COMMENTS = YES;
				CLANG_WARN_EMPTY_BODY = YES;
				CLANG_WARN_ENUM_CONVERSION = YES;
				CLANG_WARN_INFINITE_RECURSION = YES;
				CLANG_WARN_INT_CONVERSION = YES;
				CLANG_WARN_NON_LITERAL_NULL_CONVERSION = YES;
				CLANG_WARN_OBJC_IMPLICIT_RETAIN_SELF = YES;
				CLANG_WARN_OBJC_LITERAL_CONVERSION = YES;
				CLANG_WARN_OBJC_ROOT_CLASS = YES_ERROR;
				CLANG_WARN_QUOTED_INCLUDE_IN_FRAMEWORK_HEADER = YES;
				CLANG_WARN_RANGE_LOOP_ANALYSIS = YES;
				CLANG_WARN_STRICT_PROTOTYPES = YES;
				CLANG_WARN_SUSPICIOUS_MOVE = YES;
				CLANG_WARN_UNGUARDED_AVAILABILITY = YES_AGGRESSIVE;
				CLANG_WARN_UNREACHABLE_CODE = YES;
				CLANG_WARN__DUPLICATE_METHOD_MATCH = YES;
				COPY_PHASE_STRIP = NO;
				DEBUG_INFORMATION_FORMAT = "dwarf-with-dsym";
				ENABLE_NS_ASSERTIONS = NO;
				ENABLE_STRICT_OBJC_MSGSEND = YES;
				ENABLE_USER_SCRIPT_SANDBOXING = YES;
				GCC_C_LANGUAGE_STANDARD = gnu17;
				GCC_NO_COMMON_BLOCKS = YES;
				GCC_WARN_64_TO_32_BIT_CONVERSION = YES;
				GCC_WARN_ABOUT_RETURN_TYPE = YES_ERROR;
				GCC_WARN_UNDECLARED_SELECTOR = YES;
				GCC_WARN_UNINITIALIZED_AUTOS = YES_AGGRESSIVE;
				GCC_WARN_UNUSED_FUNCTION = YES;
				GCC_WARN_UNUSED_VARIABLE = YES;
				IPHONEOS_DEPLOYMENT_TARGET = 18.2;
				LOCALIZATION_PREFERS_STRING_CATALOGS = YES;
				MTL_ENABLE_DEBUG_INFO = NO;
				MTL_FAST_MATH = YES;
				SDKROOT = iphoneos;
				SWIFT_COMPILATION_MODE = wholemodule;
				VALIDATE_PRODUCT = YES;
			};
			name = Release;
		};
		B87E85EC2DCE41BB00A9AA53 /* Debug */ = {
			isa = XCBuildConfiguration;
			buildSettings = {
				ASSETCATALOG_COMPILER_APPICON_NAME = AppIcon;
				ASSETCATALOG_COMPILER_GLOBAL_ACCENT_COLOR_NAME = AccentColor;
				CODE_SIGN_STYLE = Automatic;
				CURRENT_PROJECT_VERSION = 1;
				DEVELOPMENT_ASSET_PATHS = "\"MyWeather/Preview Content\"";
				DEVELOPMENT_TEAM = L8BW3D3BVS;
				ENABLE_PREVIEWS = YES;
				GENERATE_INFOPLIST_FILE = YES;
				INFOPLIST_KEY_NSLocationWhenInUseUsageDescription = "We need your location to show nearby services.";
				INFOPLIST_KEY_UIApplicationSceneManifest_Generation = YES;
				INFOPLIST_KEY_UIApplicationSupportsIndirectInputEvents = YES;
				INFOPLIST_KEY_UILaunchScreen_Generation = YES;
				INFOPLIST_KEY_UISupportedInterfaceOrientations_iPad = "UIInterfaceOrientationPortrait UIInterfaceOrientationPortraitUpsideDown UIInterfaceOrientationLandscapeLeft UIInterfaceOrientationLandscapeRight";
				INFOPLIST_KEY_UISupportedInterfaceOrientations_iPhone = "UIInterfaceOrientationPortrait UIInterfaceOrientationLandscapeLeft UIInterfaceOrientationLandscapeRight";
				LD_RUNPATH_SEARCH_PATHS = (
					"$(inherited)",
					"@executable_path/Frameworks",
				);
				MARKETING_VERSION = 1.0;
				PRODUCT_BUNDLE_IDENTIFIER = com.davmayqui.MyWeather;
				PRODUCT_NAME = "$(TARGET_NAME)";
				SWIFT_EMIT_LOC_STRINGS = YES;
				SWIFT_VERSION = 5.0;
				TARGETED_DEVICE_FAMILY = "1,2";
			};
			name = Debug;
		};
		B87E85ED2DCE41BB00A9AA53 /* Release */ = {
			isa = XCBuildConfiguration;
			buildSettings = {
				ASSETCATALOG_COMPILER_APPICON_NAME = AppIcon;
				ASSETCATALOG_COMPILER_GLOBAL_ACCENT_COLOR_NAME = AccentColor;
				CODE_SIGN_STYLE = Automatic;
				CURRENT_PROJECT_VERSION = 1;
				DEVELOPMENT_ASSET_PATHS = "\"MyWeather/Preview Content\"";
				DEVELOPMENT_TEAM = L8BW3D3BVS;
				ENABLE_PREVIEWS = YES;
				GENERATE_INFOPLIST_FILE = YES;
				INFOPLIST_KEY_NSLocationWhenInUseUsageDescription = "We need your location to show nearby services.";
				INFOPLIST_KEY_UIApplicationSceneManifest_Generation = YES;
				INFOPLIST_KEY_UIApplicationSupportsIndirectInputEvents = YES;
				INFOPLIST_KEY_UILaunchScreen_Generation = YES;
				INFOPLIST_KEY_UISupportedInterfaceOrientations_iPad = "UIInterfaceOrientationPortrait UIInterfaceOrientationPortraitUpsideDown UIInterfaceOrientationLandscapeLeft UIInterfaceOrientationLandscapeRight";
				INFOPLIST_KEY_UISupportedInterfaceOrientations_iPhone = "UIInterfaceOrientationPortrait UIInterfaceOrientationLandscapeLeft UIInterfaceOrientationLandscapeRight";
				LD_RUNPATH_SEARCH_PATHS = (
					"$(inherited)",
					"@executable_path/Frameworks",
				);
				MARKETING_VERSION = 1.0;
				PRODUCT_BUNDLE_IDENTIFIER = com.davmayqui.MyWeather;
				PRODUCT_NAME = "$(TARGET_NAME)";
				SWIFT_EMIT_LOC_STRINGS = YES;
				SWIFT_VERSION = 5.0;
				TARGETED_DEVICE_FAMILY = "1,2";
			};
			name = Release;
		};
/* End XCBuildConfiguration section */

/* Begin XCConfigurationList section */
		B87E85D82DCE41BA00A9AA53 /* Build configuration list for PBXProject "MyWeather" */ = {
			isa = XCConfigurationList;
			buildConfigurations = (
				B87E85E92DCE41BB00A9AA53 /* Debug */,
				B87E85EA2DCE41BB00A9AA53 /* Release */,
			);
			defaultConfigurationIsVisible = 0;
			defaultConfigurationName = Release;
		};
		B87E85EB2DCE41BB00A9AA53 /* Build configuration list for PBXNativeTarget "MyWeather" */ = {
			isa = XCConfigurationList;
			buildConfigurations = (
				B87E85EC2DCE41BB00A9AA53 /* Debug */,
				B87E85ED2DCE41BB00A9AA53 /* Release */,
			);
			defaultConfigurationIsVisible = 0;
			defaultConfigurationName = Release;
		};
/* End XCConfigurationList section */
	};
	rootObject = B87E85D52DCE41BA00A9AA53 /* Project object */;
}
